PODS:
  - Alamofire (5.5.0)
  - Kingfisher (7.2.0)
  - RappleProgressHUD (4.1)

DEPENDENCIES:
  - Alamofire
  - Kingfisher
  - RappleProgressHUD

SPEC REPOS:
  trunk:
    - Alamofire
    - Kingfisher
    - RappleProgressHUD

SPEC CHECKSUMS:
  Alamofire: 1c4fb5369c3fe93d2857c780d8bbe09f06f97e7c
  Kingfisher: 3ac0b75b155cabc0e544877d1a4deea29feece92
  RappleProgressHUD: f29bc5dc5f9834c2caa9c2ae21ba11f3ff2b5a85

PODFILE CHECKSUM: 1bfdf821c2cd7e8d70935245fba79b700d55ef58

COCOAPODS: 1.11.3
