// !$*UTF8*$!
{
	archiveVersion = 1;
	classes = {
	};
	objectVersion = 55;
	objects = {

/* Begin PBXBuildFile section */
		D36E084A28DA38FC00C77B2F /* AppDelegate.swift in Sources */ = {isa = PBXBuildFile; fileRef = D36E084928DA38FC00C77B2F /* AppDelegate.swift */; };
		D36E084E28DA38FC00C77B2F /* CardsViewController.swift in Sources */ = {isa = PBXBuildFile; fileRef = D36E084D28DA38FC00C77B2F /* CardsViewController.swift */; };
		D36E085128DA38FC00C77B2F /* Main.storyboard in Resources */ = {isa = PBXBuildFile; fileRef = D36E084F28DA38FC00C77B2F /* Main.storyboard */; };
		D36E085328DA38FE00C77B2F /* Assets.xcassets in Resources */ = {isa = PBXBuildFile; fileRef = D36E085228DA38FE00C77B2F /* Assets.xcassets */; };
		D36E085628DA38FE00C77B2F /* LaunchScreen.storyboard in Resources */ = {isa = PBXBuildFile; fileRef = D36E085428DA38FE00C77B2F /* LaunchScreen.storyboard */; };
		D36E086428DA3AE700C77B2F /* UIViewController.swift in Sources */ = {isa = PBXBuildFile; fileRef = D36E086328DA3AE700C77B2F /* UIViewController.swift */; };
		D36E086828DA3CF200C77B2F /* CardCell.swift in Sources */ = {isa = PBXBuildFile; fileRef = D36E086628DA3CF200C77B2F /* CardCell.swift */; };
		D36E086928DA3CF200C77B2F /* CardCell.xib in Resources */ = {isa = PBXBuildFile; fileRef = D36E086728DA3CF200C77B2F /* CardCell.xib */; };
		D36E086C28DA3DCF00C77B2F /* cardModel.swift in Sources */ = {isa = PBXBuildFile; fileRef = D36E086B28DA3DCF00C77B2F /* cardModel.swift */; };
		D36E087328DA48E600C77B2F /* CardDesgin.swift in Sources */ = {isa = PBXBuildFile; fileRef = D36E087128DA48E600C77B2F /* CardDesgin.swift */; };
		D36E087428DA48E600C77B2F /* CardDesgin.xib in Resources */ = {isa = PBXBuildFile; fileRef = D36E087228DA48E600C77B2F /* CardDesgin.xib */; };
		D3E5ECEA28DA6A8D002CFB4C /* CardDesginBack.swift in Sources */ = {isa = PBXBuildFile; fileRef = D3E5ECE828DA6A8D002CFB4C /* CardDesginBack.swift */; };
		D3E5ECEB28DA6A8D002CFB4C /* CardDesginBack.xib in Resources */ = {isa = PBXBuildFile; fileRef = D3E5ECE928DA6A8D002CFB4C /* CardDesginBack.xib */; };
		E57979108E418C20FB00B012 /* Pods_card_generator.framework in Frameworks */ = {isa = PBXBuildFile; fileRef = B41BC52F883E6073B25E1E70 /* Pods_card_generator.framework */; };
/* End PBXBuildFile section */

/* Begin PBXFileReference section */
		1B295D8591F2AE686784D3EF /* Pods-card-generator.debug.xcconfig */ = {isa = PBXFileReference; includeInIndex = 1; lastKnownFileType = text.xcconfig; name = "Pods-card-generator.debug.xcconfig"; path = "Target Support Files/Pods-card-generator/Pods-card-generator.debug.xcconfig"; sourceTree = "<group>"; };
		5952CE2B538B487F8FDA9ED0 /* Pods-card-generator.release.xcconfig */ = {isa = PBXFileReference; includeInIndex = 1; lastKnownFileType = text.xcconfig; name = "Pods-card-generator.release.xcconfig"; path = "Target Support Files/Pods-card-generator/Pods-card-generator.release.xcconfig"; sourceTree = "<group>"; };
		B41BC52F883E6073B25E1E70 /* Pods_card_generator.framework */ = {isa = PBXFileReference; explicitFileType = wrapper.framework; includeInIndex = 0; path = Pods_card_generator.framework; sourceTree = BUILT_PRODUCTS_DIR; };
		D36E084628DA38FC00C77B2F /* card-generator.app */ = {isa = PBXFileReference; explicitFileType = wrapper.application; includeInIndex = 0; path = "card-generator.app"; sourceTree = BUILT_PRODUCTS_DIR; };
		D36E084928DA38FC00C77B2F /* AppDelegate.swift */ = {isa = PBXFileReference; lastKnownFileType = sourcecode.swift; path = AppDelegate.swift; sourceTree = "<group>"; };
		D36E084D28DA38FC00C77B2F /* CardsViewController.swift */ = {isa = PBXFileReference; lastKnownFileType = sourcecode.swift; path = CardsViewController.swift; sourceTree = "<group>"; };
		D36E085028DA38FC00C77B2F /* Base */ = {isa = PBXFileReference; lastKnownFileType = file.storyboard; name = Base; path = Base.lproj/Main.storyboard; sourceTree = "<group>"; };
		D36E085228DA38FE00C77B2F /* Assets.xcassets */ = {isa = PBXFileReference; lastKnownFileType = folder.assetcatalog; path = Assets.xcassets; sourceTree = "<group>"; };
		D36E085528DA38FE00C77B2F /* Base */ = {isa = PBXFileReference; lastKnownFileType = file.storyboard; name = Base; path = Base.lproj/LaunchScreen.storyboard; sourceTree = "<group>"; };
		D36E085728DA38FE00C77B2F /* Info.plist */ = {isa = PBXFileReference; lastKnownFileType = text.plist.xml; path = Info.plist; sourceTree = "<group>"; };
		D36E086328DA3AE700C77B2F /* UIViewController.swift */ = {isa = PBXFileReference; lastKnownFileType = sourcecode.swift; path = UIViewController.swift; sourceTree = "<group>"; };
		D36E086628DA3CF200C77B2F /* CardCell.swift */ = {isa = PBXFileReference; lastKnownFileType = sourcecode.swift; path = CardCell.swift; sourceTree = "<group>"; };
		D36E086728DA3CF200C77B2F /* CardCell.xib */ = {isa = PBXFileReference; lastKnownFileType = file.xib; path = CardCell.xib; sourceTree = "<group>"; };
		D36E086B28DA3DCF00C77B2F /* cardModel.swift */ = {isa = PBXFileReference; lastKnownFileType = sourcecode.swift; path = cardModel.swift; sourceTree = "<group>"; };
		D36E087128DA48E600C77B2F /* CardDesgin.swift */ = {isa = PBXFileReference; lastKnownFileType = sourcecode.swift; path = CardDesgin.swift; sourceTree = "<group>"; };
		D36E087228DA48E600C77B2F /* CardDesgin.xib */ = {isa = PBXFileReference; lastKnownFileType = file.xib; path = CardDesgin.xib; sourceTree = "<group>"; };
		D3E5ECE828DA6A8D002CFB4C /* CardDesginBack.swift */ = {isa = PBXFileReference; lastKnownFileType = sourcecode.swift; path = CardDesginBack.swift; sourceTree = "<group>"; };
		D3E5ECE928DA6A8D002CFB4C /* CardDesginBack.xib */ = {isa = PBXFileReference; lastKnownFileType = file.xib; path = CardDesginBack.xib; sourceTree = "<group>"; };
/* End PBXFileReference section */

/* Begin PBXFrameworksBuildPhase section */
		D36E084328DA38FC00C77B2F /* Frameworks */ = {
			isa = PBXFrameworksBuildPhase;
			buildActionMask = 2147483647;
			files = (
				E57979108E418C20FB00B012 /* Pods_card_generator.framework in Frameworks */,
			);
			runOnlyForDeploymentPostprocessing = 0;
		};
/* End PBXFrameworksBuildPhase section */

/* Begin PBXGroup section */
		30B17D4D7A0007E67688E22D /* Pods */ = {
			isa = PBXGroup;
			children = (
				1B295D8591F2AE686784D3EF /* Pods-card-generator.debug.xcconfig */,
				5952CE2B538B487F8FDA9ED0 /* Pods-card-generator.release.xcconfig */,
			);
			path = Pods;
			sourceTree = "<group>";
		};
		4E997490E851E4AB57AE25E9 /* Frameworks */ = {
			isa = PBXGroup;
			children = (
				B41BC52F883E6073B25E1E70 /* Pods_card_generator.framework */,
			);
			name = Frameworks;
			sourceTree = "<group>";
		};
		D36E083D28DA38FC00C77B2F = {
			isa = PBXGroup;
			children = (
				D36E084828DA38FC00C77B2F /* card-generator */,
				D36E084728DA38FC00C77B2F /* Products */,
				30B17D4D7A0007E67688E22D /* Pods */,
				4E997490E851E4AB57AE25E9 /* Frameworks */,
			);
			sourceTree = "<group>";
		};
		D36E084728DA38FC00C77B2F /* Products */ = {
			isa = PBXGroup;
			children = (
				D36E084628DA38FC00C77B2F /* card-generator.app */,
			);
			name = Products;
			sourceTree = "<group>";
		};
		D36E084828DA38FC00C77B2F /* card-generator */ = {
			isa = PBXGroup;
			children = (
				D36E085D28DA394200C77B2F /* AppDelegate */,
				D36E086128DA397F00C77B2F /* launch screen */,
				D36E086A28DA3DBC00C77B2F /* Model */,
				D36E085E28DA395200C77B2F /* controller */,
				D36E085F28DA395D00C77B2F /* views */,
				D36E086228DA3AD600C77B2F /* Extensions - Customs */,
				D36E086028DA396E00C77B2F /* Assists */,
			);
			path = "card-generator";
			sourceTree = "<group>";
		};
		D36E085D28DA394200C77B2F /* AppDelegate */ = {
			isa = PBXGroup;
			children = (
				D36E084928DA38FC00C77B2F /* AppDelegate.swift */,
			);
			path = AppDelegate;
			sourceTree = "<group>";
		};
		D36E085E28DA395200C77B2F /* controller */ = {
			isa = PBXGroup;
			children = (
				D36E084D28DA38FC00C77B2F /* CardsViewController.swift */,
			);
			path = controller;
			sourceTree = "<group>";
		};
		D36E085F28DA395D00C77B2F /* views */ = {
			isa = PBXGroup;
			children = (
				D36E084F28DA38FC00C77B2F /* Main.storyboard */,
				D36E086528DA3CCF00C77B2F /* Cells */,
			);
			path = views;
			sourceTree = "<group>";
		};
		D36E086028DA396E00C77B2F /* Assists */ = {
			isa = PBXGroup;
			children = (
				D36E085228DA38FE00C77B2F /* Assets.xcassets */,
				D36E085728DA38FE00C77B2F /* Info.plist */,
			);
			path = Assists;
			sourceTree = "<group>";
		};
		D36E086128DA397F00C77B2F /* launch screen */ = {
			isa = PBXGroup;
			children = (
				D36E085428DA38FE00C77B2F /* LaunchScreen.storyboard */,
			);
			path = "launch screen";
			sourceTree = "<group>";
		};
		D36E086228DA3AD600C77B2F /* Extensions - Customs */ = {
			isa = PBXGroup;
			children = (
				D36E086328DA3AE700C77B2F /* UIViewController.swift */,
			);
			path = "Extensions - Customs";
			sourceTree = "<group>";
		};
		D36E086528DA3CCF00C77B2F /* Cells */ = {
			isa = PBXGroup;
			children = (
				D36E086D28DA489C00C77B2F /* Card Cell */,
				D36E086E28DA48A600C77B2F /* Card Design */,
			);
			path = Cells;
			sourceTree = "<group>";
		};
		D36E086A28DA3DBC00C77B2F /* Model */ = {
			isa = PBXGroup;
			children = (
				D36E086B28DA3DCF00C77B2F /* cardModel.swift */,
			);
			path = Model;
			sourceTree = "<group>";
		};
		D36E086D28DA489C00C77B2F /* Card Cell */ = {
			isa = PBXGroup;
			children = (
				D36E086628DA3CF200C77B2F /* CardCell.swift */,
				D36E086728DA3CF200C77B2F /* CardCell.xib */,
			);
			path = "Card Cell";
			sourceTree = "<group>";
		};
		D36E086E28DA48A600C77B2F /* Card Design */ = {
			isa = PBXGroup;
			children = (
				D3E5ECE628DA6A67002CFB4C /* face 1 */,
				D3E5ECE728DA6A70002CFB4C /* face 2 */,
			);
			path = "Card Design";
			sourceTree = "<group>";
		};
		D3E5ECE628DA6A67002CFB4C /* face 1 */ = {
			isa = PBXGroup;
			children = (
				D36E087128DA48E600C77B2F /* CardDesgin.swift */,
				D36E087228DA48E600C77B2F /* CardDesgin.xib */,
			);
			path = "face 1";
			sourceTree = "<group>";
		};
		D3E5ECE728DA6A70002CFB4C /* face 2 */ = {
			isa = PBXGroup;
			children = (
				D3E5ECE828DA6A8D002CFB4C /* CardDesginBack.swift */,
				D3E5ECE928DA6A8D002CFB4C /* CardDesginBack.xib */,
			);
			path = "face 2";
			sourceTree = "<group>";
		};
/* End PBXGroup section */

/* Begin PBXNativeTarget section */
		D36E084528DA38FC00C77B2F /* card-generator */ = {
			isa = PBXNativeTarget;
			buildConfigurationList = D36E085A28DA38FE00C77B2F /* Build configuration list for PBXNativeTarget "card-generator" */;
			buildPhases = (
				C7B27EE2B022A687B4FA7F78 /* [CP] Check Pods Manifest.lock */,
				D36E084228DA38FC00C77B2F /* Sources */,
				D36E084328DA38FC00C77B2F /* Frameworks */,
				D36E084428DA38FC00C77B2F /* Resources */,
				EE5A82B01D497EC7BC08D0BC /* [CP] Embed Pods Frameworks */,
			);
			buildRules = (
			);
			dependencies = (
			);
			name = "card-generator";
			productName = "card-generator";
			productReference = D36E084628DA38FC00C77B2F /* card-generator.app */;
			productType = "com.apple.product-type.application";
		};
/* End PBXNativeTarget section */

/* Begin PBXProject section */
		D36E083E28DA38FC00C77B2F /* Project object */ = {
			isa = PBXProject;
			attributes = {
				BuildIndependentTargetsInParallel = 1;
				LastSwiftUpdateCheck = 1330;
				LastUpgradeCheck = 1330;
				TargetAttributes = {
					D36E084528DA38FC00C77B2F = {
						CreatedOnToolsVersion = 13.3;
					};
				};
			};
			buildConfigurationList = D36E084128DA38FC00C77B2F /* Build configuration list for PBXProject "card-generator" */;
			compatibilityVersion = "Xcode 13.0";
			developmentRegion = en;
			hasScannedForEncodings = 0;
			knownRegions = (
				en,
				Base,
			);
			mainGroup = D36E083D28DA38FC00C77B2F;
			productRefGroup = D36E084728DA38FC00C77B2F /* Products */;
			projectDirPath = "";
			projectRoot = "";
			targets = (
				D36E084528DA38FC00C77B2F /* card-generator */,
			);
		};
/* End PBXProject section */

/* Begin PBXResourcesBuildPhase section */
		D36E084428DA38FC00C77B2F /* Resources */ = {
			isa = PBXResourcesBuildPhase;
			buildActionMask = 2147483647;
			files = (
				D3E5ECEB28DA6A8D002CFB4C /* CardDesginBack.xib in Resources */,
				D36E087428DA48E600C77B2F /* CardDesgin.xib in Resources */,
				D36E085628DA38FE00C77B2F /* LaunchScreen.storyboard in Resources */,
				D36E085328DA38FE00C77B2F /* Assets.xcassets in Resources */,
				D36E085128DA38FC00C77B2F /* Main.storyboard in Resources */,
				D36E086928DA3CF200C77B2F /* CardCell.xib in Resources */,
			);
			runOnlyForDeploymentPostprocessing = 0;
		};
/* End PBXResourcesBuildPhase section */

/* Begin PBXShellScriptBuildPhase section */
		C7B27EE2B022A687B4FA7F78 /* [CP] Check Pods Manifest.lock */ = {
			isa = PBXShellScriptBuildPhase;
			buildActionMask = 2147483647;
			files = (
			);
			inputFileListPaths = (
			);
			inputPaths = (
				"${PODS_PODFILE_DIR_PATH}/Podfile.lock",
				"${PODS_ROOT}/Manifest.lock",
			);
			name = "[CP] Check Pods Manifest.lock";
			outputFileListPaths = (
			);
			outputPaths = (
				"$(DERIVED_FILE_DIR)/Pods-card-generator-checkManifestLockResult.txt",
			);
			runOnlyForDeploymentPostprocessing = 0;
			shellPath = /bin/sh;
			shellScript = "diff \"${PODS_PODFILE_DIR_PATH}/Podfile.lock\" \"${PODS_ROOT}/Manifest.lock\" > /dev/null\nif [ $? != 0 ] ; then\n    # print error to STDERR\n    echo \"error: The sandbox is not in sync with the Podfile.lock. Run 'pod install' or update your CocoaPods installation.\" >&2\n    exit 1\nfi\n# This output is used by Xcode 'outputs' to avoid re-running this script phase.\necho \"SUCCESS\" > \"${SCRIPT_OUTPUT_FILE_0}\"\n";
			showEnvVarsInLog = 0;
		};
		EE5A82B01D497EC7BC08D0BC /* [CP] Embed Pods Frameworks */ = {
			isa = PBXShellScriptBuildPhase;
			buildActionMask = 2147483647;
			files = (
			);
			inputFileListPaths = (
				"${PODS_ROOT}/Target Support Files/Pods-card-generator/Pods-card-generator-frameworks-${CONFIGURATION}-input-files.xcfilelist",
			);
			name = "[CP] Embed Pods Frameworks";
			outputFileListPaths = (
				"${PODS_ROOT}/Target Support Files/Pods-card-generator/Pods-card-generator-frameworks-${CONFIGURATION}-output-files.xcfilelist",
			);
			runOnlyForDeploymentPostprocessing = 0;
			shellPath = /bin/sh;
			shellScript = "\"${PODS_ROOT}/Target Support Files/Pods-card-generator/Pods-card-generator-frameworks.sh\"\n";
			showEnvVarsInLog = 0;
		};
/* End PBXShellScriptBuildPhase section */

/* Begin PBXSourcesBuildPhase section */
		D36E084228DA38FC00C77B2F /* Sources */ = {
			isa = PBXSourcesBuildPhase;
			buildActionMask = 2147483647;
			files = (
				D36E084E28DA38FC00C77B2F /* CardsViewController.swift in Sources */,
				D36E084A28DA38FC00C77B2F /* AppDelegate.swift in Sources */,
				D36E086C28DA3DCF00C77B2F /* cardModel.swift in Sources */,
				D3E5ECEA28DA6A8D002CFB4C /* CardDesginBack.swift in Sources */,
				D36E087328DA48E600C77B2F /* CardDesgin.swift in Sources */,
				D36E086428DA3AE700C77B2F /* UIViewController.swift in Sources */,
				D36E086828DA3CF200C77B2F /* CardCell.swift in Sources */,
			);
			runOnlyForDeploymentPostprocessing = 0;
		};
/* End PBXSourcesBuildPhase section */

/* Begin PBXVariantGroup section */
		D36E084F28DA38FC00C77B2F /* Main.storyboard */ = {
			isa = PBXVariantGroup;
			children = (
				D36E085028DA38FC00C77B2F /* Base */,
			);
			name = Main.storyboard;
			sourceTree = "<group>";
		};
		D36E085428DA38FE00C77B2F /* LaunchScreen.storyboard */ = {
			isa = PBXVariantGroup;
			children = (
				D36E085528DA38FE00C77B2F /* Base */,
			);
			name = LaunchScreen.storyboard;
			sourceTree = "<group>";
		};
/* End PBXVariantGroup section */

/* Begin XCBuildConfiguration section */
		D36E085828DA38FE00C77B2F /* Debug */ = {
			isa = XCBuildConfiguration;
			buildSettings = {
				ALWAYS_SEARCH_USER_PATHS = NO;
				CLANG_ANALYZER_NONNULL = YES;
				CLANG_ANALYZER_NUMBER_OBJECT_CONVERSION = YES_AGGRESSIVE;
				CLANG_CXX_LANGUAGE_STANDARD = "gnu++17";
				CLANG_ENABLE_MODULES = YES;
				CLANG_ENABLE_OBJC_ARC = YES;
				CLANG_ENABLE_OBJC_WEAK = YES;
				CLANG_WARN_BLOCK_CAPTURE_AUTORELEASING = YES;
				CLANG_WARN_BOOL_CONVERSION = YES;
				CLANG_WARN_COMMA = YES;
				CLANG_WARN_CONSTANT_CONVERSION = YES;
				CLANG_WARN_DEPRECATED_OBJC_IMPLEMENTATIONS = YES;
				CLANG_WARN_DIRECT_OBJC_ISA_USAGE = YES_ERROR;
				CLANG_WARN_DOCUMENTATION_COMMENTS = YES;
				CLANG_WARN_EMPTY_BODY = YES;
				CLANG_WARN_ENUM_CONVERSION = YES;
				CLANG_WARN_INFINITE_RECURSION = YES;
				CLANG_WARN_INT_CONVERSION = YES;
				CLANG_WARN_NON_LITERAL_NULL_CONVERSION = YES;
				CLANG_WARN_OBJC_IMPLICIT_RETAIN_SELF = YES;
				CLANG_WARN_OBJC_LITERAL_CONVERSION = YES;
				CLANG_WARN_OBJC_ROOT_CLASS = YES_ERROR;
				CLANG_WARN_QUOTED_INCLUDE_IN_FRAMEWORK_HEADER = YES;
				CLANG_WARN_RANGE_LOOP_ANALYSIS = YES;
				CLANG_WARN_STRICT_PROTOTYPES = YES;
				CLANG_WARN_SUSPICIOUS_MOVE = YES;
				CLANG_WARN_UNGUARDED_AVAILABILITY = YES_AGGRESSIVE;
				CLANG_WARN_UNREACHABLE_CODE = YES;
				CLANG_WARN__DUPLICATE_METHOD_MATCH = YES;
				COPY_PHASE_STRIP = NO;
				DEBUG_INFORMATION_FORMAT = dwarf;
				ENABLE_STRICT_OBJC_MSGSEND = YES;
				ENABLE_TESTABILITY = YES;
				GCC_C_LANGUAGE_STANDARD = gnu11;
				GCC_DYNAMIC_NO_PIC = NO;
				GCC_NO_COMMON_BLOCKS = YES;
				GCC_OPTIMIZATION_LEVEL = 0;
				GCC_PREPROCESSOR_DEFINITIONS = (
					"DEBUG=1",
					"$(inherited)",
				);
				GCC_WARN_64_TO_32_BIT_CONVERSION = YES;
				GCC_WARN_ABOUT_RETURN_TYPE = YES_ERROR;
				GCC_WARN_UNDECLARED_SELECTOR = YES;
				GCC_WARN_UNINITIALIZED_AUTOS = YES_AGGRESSIVE;
				GCC_WARN_UNUSED_FUNCTION = YES;
				GCC_WARN_UNUSED_VARIABLE = YES;
				IPHONEOS_DEPLOYMENT_TARGET = 15.4;
				MTL_ENABLE_DEBUG_INFO = INCLUDE_SOURCE;
				MTL_FAST_MATH = YES;
				ONLY_ACTIVE_ARCH = YES;
				SDKROOT = iphoneos;
				SWIFT_ACTIVE_COMPILATION_CONDITIONS = DEBUG;
				SWIFT_OPTIMIZATION_LEVEL = "-Onone";
			};
			name = Debug;
		};
		D36E085928DA38FE00C77B2F /* Release */ = {
			isa = XCBuildConfiguration;
			buildSettings = {
				ALWAYS_SEARCH_USER_PATHS = NO;
				CLANG_ANALYZER_NONNULL = YES;
				CLANG_ANALYZER_NUMBER_OBJECT_CONVERSION = YES_AGGRESSIVE;
				CLANG_CXX_LANGUAGE_STANDARD = "gnu++17";
				CLANG_ENABLE_MODULES = YES;
				CLANG_ENABLE_OBJC_ARC = YES;
				CLANG_ENABLE_OBJC_WEAK = YES;
				CLANG_WARN_BLOCK_CAPTURE_AUTORELEASING = YES;
				CLANG_WARN_BOOL_CONVERSION = YES;
				CLANG_WARN_COMMA = YES;
				CLANG_WARN_CONSTANT_CONVERSION = YES;
				CLANG_WARN_DEPRECATED_OBJC_IMPLEMENTATIONS = YES;
				CLANG_WARN_DIRECT_OBJC_ISA_USAGE = YES_ERROR;
				CLANG_WARN_DOCUMENTATION_COMMENTS = YES;
				CLANG_WARN_EMPTY_BODY = YES;
				CLANG_WARN_ENUM_CONVERSION = YES;
				CLANG_WARN_INFINITE_RECURSION = YES;
				CLANG_WARN_INT_CONVERSION = YES;
				CLANG_WARN_NON_LITERAL_NULL_CONVERSION = YES;
				CLANG_WARN_OBJC_IMPLICIT_RETAIN_SELF = YES;
				CLANG_WARN_OBJC_LITERAL_CONVERSION = YES;
				CLANG_WARN_OBJC_ROOT_CLASS = YES_ERROR;
				CLANG_WARN_QUOTED_INCLUDE_IN_FRAMEWORK_HEADER = YES;
				CLANG_WARN_RANGE_LOOP_ANALYSIS = YES;
				CLANG_WARN_STRICT_PROTOTYPES = YES;
				CLANG_WARN_SUSPICIOUS_MOVE = YES;
				CLANG_WARN_UNGUARDED_AVAILABILITY = YES_AGGRESSIVE;
				CLANG_WARN_UNREACHABLE_CODE = YES;
				CLANG_WARN__DUPLICATE_METHOD_MATCH = YES;
				COPY_PHASE_STRIP = NO;
				DEBUG_INFORMATION_FORMAT = "dwarf-with-dsym";
				ENABLE_NS_ASSERTIONS = NO;
				ENABLE_STRICT_OBJC_MSGSEND = YES;
				GCC_C_LANGUAGE_STANDARD = gnu11;
				GCC_NO_COMMON_BLOCKS = YES;
				GCC_WARN_64_TO_32_BIT_CONVERSION = YES;
				GCC_WARN_ABOUT_RETURN_TYPE = YES_ERROR;
				GCC_WARN_UNDECLARED_SELECTOR = YES;
				GCC_WARN_UNINITIALIZED_AUTOS = YES_AGGRESSIVE;
				GCC_WARN_UNUSED_FUNCTION = YES;
				GCC_WARN_UNUSED_VARIABLE = YES;
				IPHONEOS_DEPLOYMENT_TARGET = 15.4;
				MTL_ENABLE_DEBUG_INFO = NO;
				MTL_FAST_MATH = YES;
				SDKROOT = iphoneos;
				SWIFT_COMPILATION_MODE = wholemodule;
				SWIFT_OPTIMIZATION_LEVEL = "-O";
				VALIDATE_PRODUCT = YES;
			};
			name = Release;
		};
		D36E085B28DA38FE00C77B2F /* Debug */ = {
			isa = XCBuildConfiguration;
			baseConfigurationReference = 1B295D8591F2AE686784D3EF /* Pods-card-generator.debug.xcconfig */;
			buildSettings = {
				ASSETCATALOG_COMPILER_APPICON_NAME = AppIcon;
				ASSETCATALOG_COMPILER_GLOBAL_ACCENT_COLOR_NAME = AccentColor;
				CODE_SIGN_STYLE = Automatic;
				CURRENT_PROJECT_VERSION = 1;
				DEVELOPMENT_TEAM = X4YZSY77G5;
				GENERATE_INFOPLIST_FILE = YES;
				INFOPLIST_FILE = "card-generator/Assists/Info.plist";
				INFOPLIST_KEY_UIApplicationSupportsIndirectInputEvents = YES;
				INFOPLIST_KEY_UILaunchStoryboardName = LaunchScreen;
				INFOPLIST_KEY_UIMainStoryboardFile = Main;
				INFOPLIST_KEY_UISupportedInterfaceOrientations = UIInterfaceOrientationPortrait;
				INFOPLIST_KEY_UISupportedInterfaceOrientations_iPad = "UIInterfaceOrientationPortrait UIInterfaceOrientationPortraitUpsideDown UIInterfaceOrientationLandscapeLeft UIInterfaceOrientationLandscapeRight";
				INFOPLIST_KEY_UISupportedInterfaceOrientations_iPhone = "UIInterfaceOrientationPortrait UIInterfaceOrientationLandscapeLeft UIInterfaceOrientationLandscapeRight";
				IPHONEOS_DEPLOYMENT_TARGET = 12.3;
				LD_RUNPATH_SEARCH_PATHS = (
					"$(inherited)",
					"@executable_path/Frameworks",
				);
				MARKETING_VERSION = 1.0;
				PRODUCT_BUNDLE_IDENTIFIER = "com.myorginization199.card-generator";
				PRODUCT_NAME = "$(TARGET_NAME)";
				SWIFT_EMIT_LOC_STRINGS = YES;
				SWIFT_VERSION = 5.0;
				TARGETED_DEVICE_FAMILY = 1;
			};
			name = Debug;
		};
		D36E085C28DA38FE00C77B2F /* Release */ = {
			isa = XCBuildConfiguration;
			baseConfigurationReference = 5952CE2B538B487F8FDA9ED0 /* Pods-card-generator.release.xcconfig */;
			buildSettings = {
				ASSETCATALOG_COMPILER_APPICON_NAME = AppIcon;
				ASSETCATALOG_COMPILER_GLOBAL_ACCENT_COLOR_NAME = AccentColor;
				CODE_SIGN_STYLE = Automatic;
				CURRENT_PROJECT_VERSION = 1;
				DEVELOPMENT_TEAM = X4YZSY77G5;
				GENERATE_INFOPLIST_FILE = YES;
				INFOPLIST_FILE = "card-generator/Assists/Info.plist";
				INFOPLIST_KEY_UIApplicationSupportsIndirectInputEvents = YES;
				INFOPLIST_KEY_UILaunchStoryboardName = LaunchScreen;
				INFOPLIST_KEY_UIMainStoryboardFile = Main;
				INFOPLIST_KEY_UISupportedInterfaceOrientations = UIInterfaceOrientationPortrait;
				INFOPLIST_KEY_UISupportedInterfaceOrientations_iPad = "UIInterfaceOrientationPortrait UIInterfaceOrientationPortraitUpsideDown UIInterfaceOrientationLandscapeLeft UIInterfaceOrientationLandscapeRight";
				INFOPLIST_KEY_UISupportedInterfaceOrientations_iPhone = "UIInterfaceOrientationPortrait UIInterfaceOrientationLandscapeLeft UIInterfaceOrientationLandscapeRight";
				IPHONEOS_DEPLOYMENT_TARGET = 12.3;
				LD_RUNPATH_SEARCH_PATHS = (
					"$(inherited)",
					"@executable_path/Frameworks",
				);
				MARKETING_VERSION = 1.0;
				PRODUCT_BUNDLE_IDENTIFIER = "com.myorginization199.card-generator";
				PRODUCT_NAME = "$(TARGET_NAME)";
				SWIFT_EMIT_LOC_STRINGS = YES;
				SWIFT_VERSION = 5.0;
				TARGETED_DEVICE_FAMILY = 1;
			};
			name = Release;
		};
/* End XCBuildConfiguration section */

/* Begin XCConfigurationList section */
		D36E084128DA38FC00C77B2F /* Build configuration list for PBXProject "card-generator" */ = {
			isa = XCConfigurationList;
			buildConfigurations = (
				D36E085828DA38FE00C77B2F /* Debug */,
				D36E085928DA38FE00C77B2F /* Release */,
			);
			defaultConfigurationIsVisible = 0;
			defaultConfigurationName = Release;
		};
		D36E085A28DA38FE00C77B2F /* Build configuration list for PBXNativeTarget "card-generator" */ = {
			isa = XCConfigurationList;
			buildConfigurations = (
				D36E085B28DA38FE00C77B2F /* Debug */,
				D36E085C28DA38FE00C77B2F /* Release */,
			);
			defaultConfigurationIsVisible = 0;
			defaultConfigurationName = Release;
		};
/* End XCConfigurationList section */
	};
	rootObject = D36E083E28DA38FC00C77B2F /* Project object */;
}
